{
  "originHash" : "4c94b8a017b1953bad6b8be34aad9cd62a4d58b8103ae921d32e9ce58db237bc",
  "pins" : [
    {
      "identity" : "yams",
      "kind" : "remoteSourceControl",
      "location" : "https://github.com/jpsim/Yams.git",
      "state" : {
        "revision" : "a27b21e0c81c5bf42049b897a62aaf387e80f279",
        "version" : "6.2.2"
      }
    }
  ],
  "version" : 3
}
