{
  "originHash" : "2ab60eab2349568f02b1b1373da10e0d0873ad541d8cdcd6610ab9f2df63d4f1",
  "pins" : [
    {
      "identity" : "emojikit",
      "kind" : "remoteSourceControl",
      "location" : "https://github.com/danielsaidi/EmojiKit.git",
      "state" : {
        "revision" : "8a7332d1b8c39d5a6ad2e5518431966f540ac8c7",
        "version" : "3.0.1"
      }
    },
    {
      "identity" : "quagmire",
      "kind" : "remoteSourceControl",
      "location" : "https://github.com/jxe/quagmire.git",
      "state" : {
        "revision" : "f61c959395e2be9f5b8678399c382b5e8d577b54",
        "version" : "0.7.1"
      }
    }
  ],
  "version" : 3
}
