{
  "originHash" : "55126b04549995cedd18bf253cc47a5a40d3cd1fdb5b2c4cdeb20334f281a80d",
  "pins" : [
    {
      "identity" : "emojikit",
      "kind" : "remoteSourceControl",
      "location" : "https://github.com/danielsaidi/EmojiKit.git",
      "state" : {
        "revision" : "8a7332d1b8c39d5a6ad2e5518431966f540ac8c7",
        "version" : "3.0.1"
      }
    },
    {
      "identity" : "quagmire",
      "kind" : "remoteSourceControl",
      "location" : "https://github.com/jxe/quagmire.git",
      "state" : {
        "revision" : "039a02365948245392ce059c0ce416db17814d53",
        "version" : "0.5.2"
      }
    }
  ],
  "version" : 3
}
