{
  "originHash" : "c1b4191457b2e951cff39e774bfb8d05442b8cd4c10cb153a2fd273547616ca9",
  "pins" : [
    {
      "identity" : "emojikit",
      "kind" : "remoteSourceControl",
      "location" : "https://github.com/danielsaidi/EmojiKit.git",
      "state" : {
        "revision" : "8a7332d1b8c39d5a6ad2e5518431966f540ac8c7",
        "version" : "3.0.1"
      }
    },
    {
      "identity" : "quagmire",
      "kind" : "remoteSourceControl",
      "location" : "https://github.com/jxe/quagmire.git",
      "state" : {
        "revision" : "7e20e15428fa99adefeb92bcd1f3c972cd4f027b",
        "version" : "0.7.0"
      }
    }
  ],
  "version" : 3
}
