{
  "originHash" : "d576241377c28d36613f5416699b505acdcc65e77d7c2fb5dcec5ca6c8df8722",
  "pins" : [
    {
      "identity" : "emojikit",
      "kind" : "remoteSourceControl",
      "location" : "https://github.com/danielsaidi/EmojiKit.git",
      "state" : {
        "revision" : "8a7332d1b8c39d5a6ad2e5518431966f540ac8c7",
        "version" : "3.0.1"
      }
    },
    {
      "identity" : "quagmire",
      "kind" : "remoteSourceControl",
      "location" : "https://github.com/jxe/quagmire.git",
      "state" : {
        "revision" : "cfbf246c5ec0852b43350c1aa24c78a7affd0c8d",
        "version" : "0.8.0"
      }
    }
  ],
  "version" : 3
}
